{
  "name": "hermes-webui-vendor",
  "version": "0.0.0",
  "lockfileVersion": 3,
  "requires": true,
  "packages": {
    "": {
      "name": "hermes-webui-vendor",
      "version": "0.0.0",
      "dependencies": {
        "@vendodev/sdk": "^1.3.1"
      }
    },
    "node_modules/@vendodev/sdk": {
      "version": "1.3.1",
      "resolved": "https://registry.npmjs.org/@vendodev/sdk/-/sdk-1.3.1.tgz",
      "integrity": "sha512-qKFS670UPR7CnXLr5ICke6X1taexRgXU84/d4AZWuQD+WkNlZoe69vf6gcYkzVzLVspREv0/8zfMS/FTUr7M2Q==",
      "license": "MIT",
      "engines": {
        "node": ">=18"
      }
    }
  }
}
