{
  "name": "hermes-webui-vendor",
  "version": "0.0.0",
  "lockfileVersion": 3,
  "requires": true,
  "packages": {
    "": {
      "name": "hermes-webui-vendor",
      "version": "0.0.0",
      "dependencies": {
        "@vendodev/sdk": "^0.4.1"
      }
    },
    "node_modules/@vendodev/sdk": {
      "version": "0.4.1",
      "resolved": "https://registry.npmjs.org/@vendodev/sdk/-/sdk-0.4.1.tgz",
      "integrity": "sha512-Ci2D7LEJ460igWQL5vtHRQBGbgUZSEDRSza6Vl1l3ILYoBzXFoQvOZtOCHiNBQeSJBjj4ffvJBxTrJFMVcwygg==",
      "license": "MIT",
      "engines": {
        "node": ">=18"
      }
    }
  }
}
