{
  "name": "hermes-webui-vendor",
  "version": "0.0.0",
  "lockfileVersion": 3,
  "requires": true,
  "packages": {
    "": {
      "name": "hermes-webui-vendor",
      "version": "0.0.0",
      "dependencies": {
        "@vendodev/sdk": "^0.2.0"
      }
    },
    "node_modules/@vendodev/sdk": {
      "version": "0.2.0",
      "resolved": "https://registry.npmjs.org/@vendodev/sdk/-/sdk-0.2.0.tgz",
      "integrity": "sha512-I9LAizcOHCOx5FvdmUaS9NF1AC14CQjDcTSKAAY73JvyhsZaaK9fXajQZFnlsdhxTbOb7t9o/Xo+QuUrf9ocug==",
      "license": "MIT",
      "engines": {
        "node": ">=18"
      }
    }
  }
}
